
Microsoft Visual Studio Solution File, Format Version 12.00
# Visual Studio Version 16
VisualStudioVersion = 16.0.30320.27
MinimumVisualStudioVersion = 10.0.40219.1
Project("{FAE04EC0-301F-11D3-BF4B-00C04F79EFBC}") = "test", "test\test.csproj", "{979792E0-2E92-43F3-BF1F-A982228C2592}"
EndProject
Global
	GlobalSection(SolutionConfigurationPlatforms) = preSolution
		Debug|Any CPU = Debug|Any CPU
		Release|Any CPU = Release|Any CPU
	EndGlobalSection
	GlobalSection(ProjectConfigurationPlatforms) = postSolution
		{979792E0-2E92-43F3-BF1F-A982228C2592}.Debug|Any CPU.ActiveCfg = Debug|Any CPU
		{979792E0-2E92-43F3-BF1F-A982228C2592}.Debug|Any CPU.Build.0 = Debug|Any CPU
		{979792E0-2E92-43F3-BF1F-A982228C2592}.Release|Any CPU.ActiveCfg = Release|Any CPU
		{979792E0-2E92-43F3-BF1F-A982228C2592}.Release|Any CPU.Build.0 = Release|Any CPU
	EndGlobalSection
	GlobalSection(SolutionProperties) = preSolution
		HideSolutionNode = FALSE
	EndGlobalSection
	GlobalSection(ExtensibilityGlobals) = postSolution
		SolutionGuid = {211F9EF6-56B3-4F4F-9F14-6497A95CE04C}
	EndGlobalSection
EndGlobal
